
Microsoft Visual Studio Solution File, Format Version 12.00
# Visual Studio Version 17
VisualStudioVersion = 17.14.36327.8 d17.14
MinimumVisualStudioVersion = 10.0.40219.1
Project("{FAE04EC0-301F-11D3-BF4B-00C04F79EFBC}") = "1060-NVL1", "1060-NVL1.csproj", "{FBA6AE79-14DA-4FDF-93D2-62D96BEA7814}"
EndProject
Global
	GlobalSection(SolutionConfigurationPlatforms) = preSolution
		Debug|Any CPU = Debug|Any CPU
		Release|Any CPU = Release|Any CPU
	EndGlobalSection
	GlobalSection(ProjectConfigurationPlatforms) = postSolution
		{FBA6AE79-14DA-4FDF-93D2-62D96BEA7814}.Debug|Any CPU.ActiveCfg = Debug|Any CPU
		{FBA6AE79-14DA-4FDF-93D2-62D96BEA7814}.Debug|Any CPU.Build.0 = Debug|Any CPU
		{FBA6AE79-14DA-4FDF-93D2-62D96BEA7814}.Release|Any CPU.ActiveCfg = Release|Any CPU
		{FBA6AE79-14DA-4FDF-93D2-62D96BEA7814}.Release|Any CPU.Build.0 = Release|Any CPU
	EndGlobalSection
	GlobalSection(SolutionProperties) = preSolution
		HideSolutionNode = FALSE
	EndGlobalSection
	GlobalSection(ExtensibilityGlobals) = postSolution
		SolutionGuid = {804E9DF6-68C6-416C-AEF5-E9EDFD6B0454}
	EndGlobalSection
EndGlobal
