
Microsoft Visual Studio Solution File, Format Version 12.00
# Visual Studio Version 17
VisualStudioVersion = 17.14.36327.8 d17.14
MinimumVisualStudioVersion = 10.0.40219.1
Project("{FAE04EC0-301F-11D3-BF4B-00C04F79EFBC}") = "1113-NVL1", "1113-NVL1.csproj", "{2C8CD2EC-3B28-4794-B09B-07140E51B9D3}"
EndProject
Global
	GlobalSection(SolutionConfigurationPlatforms) = preSolution
		Debug|Any CPU = Debug|Any CPU
		Release|Any CPU = Release|Any CPU
	EndGlobalSection
	GlobalSection(ProjectConfigurationPlatforms) = postSolution
		{2C8CD2EC-3B28-4794-B09B-07140E51B9D3}.Debug|Any CPU.ActiveCfg = Debug|Any CPU
		{2C8CD2EC-3B28-4794-B09B-07140E51B9D3}.Debug|Any CPU.Build.0 = Debug|Any CPU
		{2C8CD2EC-3B28-4794-B09B-07140E51B9D3}.Release|Any CPU.ActiveCfg = Release|Any CPU
		{2C8CD2EC-3B28-4794-B09B-07140E51B9D3}.Release|Any CPU.Build.0 = Release|Any CPU
	EndGlobalSection
	GlobalSection(SolutionProperties) = preSolution
		HideSolutionNode = FALSE
	EndGlobalSection
	GlobalSection(ExtensibilityGlobals) = postSolution
		SolutionGuid = {98766E5B-A27C-4E5C-90F4-558336474B5F}
	EndGlobalSection
EndGlobal
